
Microsoft Visual Studio Solution File, Format Version 12.00
# 
Project("{2150E333-8FDC-42A3-9474-1A3956D46DE8}") = "src", "src", "{7DC18301-7766-4670-8833-480567E63BD1}"
EndProject
Project("{FAE04EC0-301F-11D3-BF4B-00C04F79EFBC}") = "NurBilgi.Domain", "src\NurBilgi.Domain\NurBilgi.Domain.csproj", "{4DD177E9-6576-458D-A1FE-08640B630A00}"
EndProject
Project("{FAE04EC0-301F-11D3-BF4B-00C04F79EFBC}") = "NurBilgi.Infrastructure", "src\NurBilgi.Infrastructure\NurBilgi.Infrastructure.csproj", "{C743CE58-0069-4605-A3D6-B21CB0D634D9}"
EndProject
Project("{FAE04EC0-301F-11D3-BF4B-00C04F79EFBC}") = "NurBilgi.Application", "src\NurBilgi.Application\NurBilgi.Application.csproj", "{EA3F2458-7A96-4B14-BE37-5BC4D0CB6AE4}"
EndProject
Project("{FAE04EC0-301F-11D3-BF4B-00C04F79EFBC}") = "NurBilgi.WebApi", "src\NurBilgi.WebApi\NurBilgi.WebApi.csproj", "{1393FC6B-C68D-44F9-9323-B2619A3F16A8}"
EndProject
Global
	GlobalSection(SolutionConfigurationPlatforms) = preSolution
		Debug|Any CPU = Debug|Any CPU
		Release|Any CPU = Release|Any CPU
	EndGlobalSection
	GlobalSection(NestedProjects) = preSolution
		{4DD177E9-6576-458D-A1FE-08640B630A00} = {7DC18301-7766-4670-8833-480567E63BD1}
		{C743CE58-0069-4605-A3D6-B21CB0D634D9} = {7DC18301-7766-4670-8833-480567E63BD1}
		{EA3F2458-7A96-4B14-BE37-5BC4D0CB6AE4} = {7DC18301-7766-4670-8833-480567E63BD1}
		{1393FC6B-C68D-44F9-9323-B2619A3F16A8} = {7DC18301-7766-4670-8833-480567E63BD1}
	EndGlobalSection
	GlobalSection(ProjectConfigurationPlatforms) = postSolution
		{4DD177E9-6576-458D-A1FE-08640B630A00}.Debug|Any CPU.ActiveCfg = Debug|Any CPU
		{4DD177E9-6576-458D-A1FE-08640B630A00}.Debug|Any CPU.Build.0 = Debug|Any CPU
		{4DD177E9-6576-458D-A1FE-08640B630A00}.Release|Any CPU.ActiveCfg = Release|Any CPU
		{4DD177E9-6576-458D-A1FE-08640B630A00}.Release|Any CPU.Build.0 = Release|Any CPU
		{C743CE58-0069-4605-A3D6-B21CB0D634D9}.Debug|Any CPU.ActiveCfg = Debug|Any CPU
		{C743CE58-0069-4605-A3D6-B21CB0D634D9}.Debug|Any CPU.Build.0 = Debug|Any CPU
		{C743CE58-0069-4605-A3D6-B21CB0D634D9}.Release|Any CPU.ActiveCfg = Release|Any CPU
		{C743CE58-0069-4605-A3D6-B21CB0D634D9}.Release|Any CPU.Build.0 = Release|Any CPU
		{EA3F2458-7A96-4B14-BE37-5BC4D0CB6AE4}.Debug|Any CPU.ActiveCfg = Debug|Any CPU
		{EA3F2458-7A96-4B14-BE37-5BC4D0CB6AE4}.Debug|Any CPU.Build.0 = Debug|Any CPU
		{EA3F2458-7A96-4B14-BE37-5BC4D0CB6AE4}.Release|Any CPU.ActiveCfg = Release|Any CPU
		{EA3F2458-7A96-4B14-BE37-5BC4D0CB6AE4}.Release|Any CPU.Build.0 = Release|Any CPU
		{1393FC6B-C68D-44F9-9323-B2619A3F16A8}.Debug|Any CPU.ActiveCfg = Debug|Any CPU
		{1393FC6B-C68D-44F9-9323-B2619A3F16A8}.Debug|Any CPU.Build.0 = Debug|Any CPU
		{1393FC6B-C68D-44F9-9323-B2619A3F16A8}.Release|Any CPU.ActiveCfg = Release|Any CPU
		{1393FC6B-C68D-44F9-9323-B2619A3F16A8}.Release|Any CPU.Build.0 = Release|Any CPU
	EndGlobalSection
EndGlobal
